
Microsoft Visual Studio Solution File, Format Version 12.00
# Visual Studio Version 17
VisualStudioVersion = 17.1.32210.238
MinimumVisualStudioVersion = 10.0.40219.1
Project("{FAE04EC0-301F-11D3-BF4B-00C04F79EFBC}") = "prac", "prac\prac.csproj", "{255E53FB-2E71-4810-B50F-28AF36953BEE}"
EndProject
Global
	GlobalSection(SolutionConfigurationPlatforms) = preSolution
		Debug|Any CPU = Debug|Any CPU
		Release|Any CPU = Release|Any CPU
	EndGlobalSection
	GlobalSection(ProjectConfigurationPlatforms) = postSolution
		{255E53FB-2E71-4810-B50F-28AF36953BEE}.Debug|Any CPU.ActiveCfg = Debug|Any CPU
		{255E53FB-2E71-4810-B50F-28AF36953BEE}.Debug|Any CPU.Build.0 = Debug|Any CPU
		{255E53FB-2E71-4810-B50F-28AF36953BEE}.Release|Any CPU.ActiveCfg = Release|Any CPU
		{255E53FB-2E71-4810-B50F-28AF36953BEE}.Release|Any CPU.Build.0 = Release|Any CPU
	EndGlobalSection
	GlobalSection(SolutionProperties) = preSolution
		HideSolutionNode = FALSE
	EndGlobalSection
	GlobalSection(ExtensibilityGlobals) = postSolution
		SolutionGuid = {336BD3E1-88B1-478A-B04A-F1CDAB803FE2}
	EndGlobalSection
EndGlobal
